# This file is generated by running "yarn install" inside your project.
# Manual changes might be lost - proceed with caution!

__metadata:
  version: 5
  cacheKey: 8

"@skeldjs/hindenburg@link:../..::locator=hbplugin-allow-endgame%40workspace%3A.":
  version: 0.0.0-use.local
  resolution: "@skeldjs/hindenburg@link:../..::locator=hbplugin-allow-endgame%40workspace%3A."
  languageName: node
  linkType: soft

"hbplugin-allow-endgame@workspace:.":
  version: 0.0.0-use.local
  resolution: "hbplugin-allow-endgame@workspace:."
  dependencies:
    "@skeldjs/hindenburg": "link:../.."
    typescript: latest
  languageName: unknown
  linkType: soft

"typescript@npm:latest":
  version: 4.7.2
  resolution: "typescript@npm:4.7.2"
  bin:
    tsc: bin/tsc
    tsserver: bin/tsserver
  checksum: 5163585e6b56410f77d5483b698d9489bbee8902c99029eb70cf6d21525a186530ce19a00951af84eefd4a131cc51d0959f5118e25e70ab61f45ac4057dbd1ef
  languageName: node
  linkType: hard

"typescript@patch:typescript@latest#~builtin<compat/typescript>":
  version: 4.7.2
  resolution: "typescript@patch:typescript@npm%3A4.7.2#~builtin<compat/typescript>::version=4.7.2&hash=493e53"
  bin:
    tsc: bin/tsc
    tsserver: bin/tsserver
  checksum: 09d93fc0983d38eadd9b0427f790b49b4437f45002a87d447be3fbe53120880e87a91dd03e1d900498f99205d6e0b7c9784fe41fca11d56f4bbce371f74bb160
  languageName: node
  linkType: hard
